// !$*UTF8*$!
{
	archiveVersion = 1;
	classes = {
	};
	objectVersion = 55;
	objects = {

/* Begin PBXBuildFile section */
		841380E8284C380700A57BC4 /* EmberPlayer.xcdatamodeld in Sources */ = {isa = PBXBuildFile; fileRef = 841380BD284C380600A57BC4 /* EmberPlayer.xcdatamodeld */; };
		841380E9284C380700A57BC4 /* EmberPlayer.xcdatamodeld in Sources */ = {isa = PBXBuildFile; fileRef = 841380BD284C380600A57BC4 /* EmberPlayer.xcdatamodeld */; };
		841380EA284C380700A57BC4 /* EmberPlayerApp.swift in Sources */ = {isa = PBXBuildFile; fileRef = 841380BF284C380600A57BC4 /* EmberPlayerApp.swift */; };
		841380EB284C380700A57BC4 /* EmberPlayerApp.swift in Sources */ = {isa = PBXBuildFile; fileRef = 841380BF284C380600A57BC4 /* EmberPlayerApp.swift */; };
		841380EE284C380700A57BC4 /* Persistence.swift in Sources */ = {isa = PBXBuildFile; fileRef = 841380C1284C380600A57BC4 /* Persistence.swift */; };
		841380EF284C380700A57BC4 /* Persistence.swift in Sources */ = {isa = PBXBuildFile; fileRef = 841380C1284C380600A57BC4 /* Persistence.swift */; };
		841380F0284C380700A57BC4 /* Assets.xcassets in Resources */ = {isa = PBXBuildFile; fileRef = 841380C2284C380700A57BC4 /* Assets.xcassets */; };
		841380F1284C380700A57BC4 /* Assets.xcassets in Resources */ = {isa = PBXBuildFile; fileRef = 841380C2284C380700A57BC4 /* Assets.xcassets */; };
		84138101284C388600A57BC4 /* VideoPlayerView.swift in Sources */ = {isa = PBXBuildFile; fileRef = 84138100284C388600A57BC4 /* VideoPlayerView.swift */; };
		84138102284C388600A57BC4 /* VideoPlayerView.swift in Sources */ = {isa = PBXBuildFile; fileRef = 84138100284C388600A57BC4 /* VideoPlayerView.swift */; };
		84138104284C3A3500A57BC4 /* testVideo.mp4 in Resources */ = {isa = PBXBuildFile; fileRef = 84138103284C3A2700A57BC4 /* testVideo.mp4 */; };
		84138105284C3A3600A57BC4 /* testVideo.mp4 in Resources */ = {isa = PBXBuildFile; fileRef = 84138103284C3A2700A57BC4 /* testVideo.mp4 */; };
		8413810C284C498500A57BC4 /* MediaModel.swift in Sources */ = {isa = PBXBuildFile; fileRef = 8413810B284C498500A57BC4 /* MediaModel.swift */; };
		8413810D284C498500A57BC4 /* MediaModel.swift in Sources */ = {isa = PBXBuildFile; fileRef = 8413810B284C498500A57BC4 /* MediaModel.swift */; };
		84594195284C7A5F00D8B6C8 /* ErrorView.swift in Sources */ = {isa = PBXBuildFile; fileRef = 84594194284C7A5F00D8B6C8 /* ErrorView.swift */; };
		84594196284C7A5F00D8B6C8 /* ErrorView.swift in Sources */ = {isa = PBXBuildFile; fileRef = 84594194284C7A5F00D8B6C8 /* ErrorView.swift */; };
		8471E44B284C585F00606F39 /* MediaItemModelDatabaseAdapter.swift in Sources */ = {isa = PBXBuildFile; fileRef = 8471E44A284C585F00606F39 /* MediaItemModelDatabaseAdapter.swift */; };
		8471E44C284C585F00606F39 /* MediaItemModelDatabaseAdapter.swift in Sources */ = {isa = PBXBuildFile; fileRef = 8471E44A284C585F00606F39 /* MediaItemModelDatabaseAdapter.swift */; };
/* End PBXBuildFile section */

/* Begin PBXFileReference section */
		841380BE284C380600A57BC4 /* Shared.xcdatamodel */ = {isa = PBXFileReference; lastKnownFileType = wrapper.xcdatamodel; path = Shared.xcdatamodel; sourceTree = "<group>"; };
		841380BF284C380600A57BC4 /* EmberPlayerApp.swift */ = {isa = PBXFileReference; lastKnownFileType = sourcecode.swift; path = EmberPlayerApp.swift; sourceTree = "<group>"; };
		841380C1284C380600A57BC4 /* Persistence.swift */ = {isa = PBXFileReference; lastKnownFileType = sourcecode.swift; path = Persistence.swift; sourceTree = "<group>"; };
		841380C2284C380700A57BC4 /* Assets.xcassets */ = {isa = PBXFileReference; lastKnownFileType = folder.assetcatalog; path = Assets.xcassets; sourceTree = "<group>"; };
		841380C7284C380700A57BC4 /* EmberPlayer.app */ = {isa = PBXFileReference; explicitFileType = wrapper.application; includeInIndex = 0; path = EmberPlayer.app; sourceTree = BUILT_PRODUCTS_DIR; };
		841380CD284C380700A57BC4 /* EmberPlayer.app */ = {isa = PBXFileReference; explicitFileType = wrapper.application; includeInIndex = 0; path = EmberPlayer.app; sourceTree = BUILT_PRODUCTS_DIR; };
		841380CF284C380700A57BC4 /* macOS.entitlements */ = {isa = PBXFileReference; lastKnownFileType = text.plist.entitlements; path = macOS.entitlements; sourceTree = "<group>"; };
		84138100284C388600A57BC4 /* VideoPlayerView.swift */ = {isa = PBXFileReference; lastKnownFileType = sourcecode.swift; path = VideoPlayerView.swift; sourceTree = "<group>"; };
		84138103284C3A2700A57BC4 /* testVideo.mp4 */ = {isa = PBXFileReference; lastKnownFileType = file; name = testVideo.mp4; path = ../../../Downloads/testVideo.mp4; sourceTree = "<group>"; };
		84138109284C40ED00A57BC4 /* EmberPlayer--macOS--Info.plist */ = {isa = PBXFileReference; lastKnownFileType = text.plist; path = "EmberPlayer--macOS--Info.plist"; sourceTree = "<group>"; };
		8413810A284C438400A57BC4 /* EmberPlayer--iOS--Info.plist */ = {isa = PBXFileReference; lastKnownFileType = text.plist; path = "EmberPlayer--iOS--Info.plist"; sourceTree = "<group>"; };
		8413810B284C498500A57BC4 /* MediaModel.swift */ = {isa = PBXFileReference; lastKnownFileType = sourcecode.swift; path = MediaModel.swift; sourceTree = "<group>"; };
		84594194284C7A5F00D8B6C8 /* ErrorView.swift */ = {isa = PBXFileReference; lastKnownFileType = sourcecode.swift; path = ErrorView.swift; sourceTree = "<group>"; };
		8471E44A284C585F00606F39 /* MediaItemModelDatabaseAdapter.swift */ = {isa = PBXFileReference; lastKnownFileType = sourcecode.swift; path = MediaItemModelDatabaseAdapter.swift; sourceTree = "<group>"; };
/* End PBXFileReference section */

/* Begin PBXFrameworksBuildPhase section */
		841380C4284C380700A57BC4 /* Frameworks */ = {
			isa = PBXFrameworksBuildPhase;
			buildActionMask = 2147483647;
			files = (
			);
			runOnlyForDeploymentPostprocessing = 0;
		};
		841380CA284C380700A57BC4 /* Frameworks */ = {
			isa = PBXFrameworksBuildPhase;
			buildActionMask = 2147483647;
			files = (
			);
			runOnlyForDeploymentPostprocessing = 0;
		};
/* End PBXFrameworksBuildPhase section */

/* Begin PBXGroup section */
		841380B7284C380600A57BC4 = {
			isa = PBXGroup;
			children = (
				8413810A284C438400A57BC4 /* EmberPlayer--iOS--Info.plist */,
				84138109284C40ED00A57BC4 /* EmberPlayer--macOS--Info.plist */,
				841380BC284C380600A57BC4 /* Shared */,
				841380CE284C380700A57BC4 /* macOS */,
				841380C8284C380700A57BC4 /* Products */,
			);
			sourceTree = "<group>";
		};
		841380BC284C380600A57BC4 /* Shared */ = {
			isa = PBXGroup;
			children = (
				841380BF284C380600A57BC4 /* EmberPlayerApp.swift */,
				84138100284C388600A57BC4 /* VideoPlayerView.swift */,
				8413810B284C498500A57BC4 /* MediaModel.swift */,
				84594194284C7A5F00D8B6C8 /* ErrorView.swift */,
				8471E44A284C585F00606F39 /* MediaItemModelDatabaseAdapter.swift */,
				841380C1284C380600A57BC4 /* Persistence.swift */,
				841380C2284C380700A57BC4 /* Assets.xcassets */,
				84138103284C3A2700A57BC4 /* testVideo.mp4 */,
				841380BD284C380600A57BC4 /* EmberPlayer.xcdatamodeld */,
			);
			path = Shared;
			sourceTree = "<group>";
		};
		841380C8284C380700A57BC4 /* Products */ = {
			isa = PBXGroup;
			children = (
				841380C7284C380700A57BC4 /* EmberPlayer.app */,
				841380CD284C380700A57BC4 /* EmberPlayer.app */,
			);
			name = Products;
			sourceTree = "<group>";
		};
		841380CE284C380700A57BC4 /* macOS */ = {
			isa = PBXGroup;
			children = (
				841380CF284C380700A57BC4 /* macOS.entitlements */,
			);
			path = macOS;
			sourceTree = "<group>";
		};
/* End PBXGroup section */

/* Begin PBXNativeTarget section */
		841380C6284C380700A57BC4 /* EmberPlayer (iOS) */ = {
			isa = PBXNativeTarget;
			buildConfigurationList = 841380F4284C380700A57BC4 /* Build configuration list for PBXNativeTarget "EmberPlayer (iOS)" */;
			buildPhases = (
				841380C3284C380700A57BC4 /* Sources */,
				841380C4284C380700A57BC4 /* Frameworks */,
				841380C5284C380700A57BC4 /* Resources */,
			);
			buildRules = (
			);
			dependencies = (
			);
			name = "EmberPlayer (iOS)";
			productName = "EmberPlayer (iOS)";
			productReference = 841380C7284C380700A57BC4 /* EmberPlayer.app */;
			productType = "com.apple.product-type.application";
		};
		841380CC284C380700A57BC4 /* EmberPlayer (macOS) */ = {
			isa = PBXNativeTarget;
			buildConfigurationList = 841380F7284C380700A57BC4 /* Build configuration list for PBXNativeTarget "EmberPlayer (macOS)" */;
			buildPhases = (
				841380C9284C380700A57BC4 /* Sources */,
				841380CA284C380700A57BC4 /* Frameworks */,
				841380CB284C380700A57BC4 /* Resources */,
			);
			buildRules = (
			);
			dependencies = (
			);
			name = "EmberPlayer (macOS)";
			productName = "EmberPlayer (macOS)";
			productReference = 841380CD284C380700A57BC4 /* EmberPlayer.app */;
			productType = "com.apple.product-type.application";
		};
/* End PBXNativeTarget section */

/* Begin PBXProject section */
		841380B8284C380600A57BC4 /* Project object */ = {
			isa = PBXProject;
			attributes = {
				BuildIndependentTargetsInParallel = 1;
				LastSwiftUpdateCheck = 1340;
				LastUpgradeCheck = 1340;
				TargetAttributes = {
					841380C6284C380700A57BC4 = {
						CreatedOnToolsVersion = 13.4.1;
					};
					841380CC284C380700A57BC4 = {
						CreatedOnToolsVersion = 13.4.1;
					};
				};
			};
			buildConfigurationList = 841380BB284C380600A57BC4 /* Build configuration list for PBXProject "EmberPlayer" */;
			compatibilityVersion = "Xcode 13.0";
			developmentRegion = en;
			hasScannedForEncodings = 0;
			knownRegions = (
				en,
				Base,
			);
			mainGroup = 841380B7284C380600A57BC4;
			productRefGroup = 841380C8284C380700A57BC4 /* Products */;
			projectDirPath = "";
			projectRoot = "";
			targets = (
				841380C6284C380700A57BC4 /* EmberPlayer (iOS) */,
				841380CC284C380700A57BC4 /* EmberPlayer (macOS) */,
			);
		};
/* End PBXProject section */

/* Begin PBXResourcesBuildPhase section */
		841380C5284C380700A57BC4 /* Resources */ = {
			isa = PBXResourcesBuildPhase;
			buildActionMask = 2147483647;
			files = (
				84138105284C3A3600A57BC4 /* testVideo.mp4 in Resources */,
				841380F0284C380700A57BC4 /* Assets.xcassets in Resources */,
			);
			runOnlyForDeploymentPostprocessing = 0;
		};
		841380CB284C380700A57BC4 /* Resources */ = {
			isa = PBXResourcesBuildPhase;
			buildActionMask = 2147483647;
			files = (
				84138104284C3A3500A57BC4 /* testVideo.mp4 in Resources */,
				841380F1284C380700A57BC4 /* Assets.xcassets in Resources */,
			);
			runOnlyForDeploymentPostprocessing = 0;
		};
/* End PBXResourcesBuildPhase section */

/* Begin PBXSourcesBuildPhase section */
		841380C3284C380700A57BC4 /* Sources */ = {
			isa = PBXSourcesBuildPhase;
			buildActionMask = 2147483647;
			files = (
				841380EA284C380700A57BC4 /* EmberPlayerApp.swift in Sources */,
				84138101284C388600A57BC4 /* VideoPlayerView.swift in Sources */,
				8471E44B284C585F00606F39 /* MediaItemModelDatabaseAdapter.swift in Sources */,
				8413810C284C498500A57BC4 /* MediaModel.swift in Sources */,
				84594195284C7A5F00D8B6C8 /* ErrorView.swift in Sources */,
				841380EE284C380700A57BC4 /* Persistence.swift in Sources */,
				841380E8284C380700A57BC4 /* EmberPlayer.xcdatamodeld in Sources */,
			);
			runOnlyForDeploymentPostprocessing = 0;
		};
		841380C9284C380700A57BC4 /* Sources */ = {
			isa = PBXSourcesBuildPhase;
			buildActionMask = 2147483647;
			files = (
				841380EB284C380700A57BC4 /* EmberPlayerApp.swift in Sources */,
				84138102284C388600A57BC4 /* VideoPlayerView.swift in Sources */,
				8471E44C284C585F00606F39 /* MediaItemModelDatabaseAdapter.swift in Sources */,
				8413810D284C498500A57BC4 /* MediaModel.swift in Sources */,
				84594196284C7A5F00D8B6C8 /* ErrorView.swift in Sources */,
				841380EF284C380700A57BC4 /* Persistence.swift in Sources */,
				841380E9284C380700A57BC4 /* EmberPlayer.xcdatamodeld in Sources */,
			);
			runOnlyForDeploymentPostprocessing = 0;
		};
/* End PBXSourcesBuildPhase section */

/* Begin XCBuildConfiguration section */
		841380F2284C380700A57BC4 /* Debug */ = {
			isa = XCBuildConfiguration;
			buildSettings = {
				ALWAYS_SEARCH_USER_PATHS = NO;
				CLANG_ANALYZER_NONNULL = YES;
				CLANG_ANALYZER_NUMBER_OBJECT_CONVERSION = YES_AGGRESSIVE;
				CLANG_CXX_LANGUAGE_STANDARD = "gnu++17";
				CLANG_ENABLE_MODULES = YES;
				CLANG_ENABLE_OBJC_ARC = YES;
				CLANG_ENABLE_OBJC_WEAK = YES;
				CLANG_WARN_BLOCK_CAPTURE_AUTORELEASING = YES;
				CLANG_WARN_BOOL_CONVERSION = YES;
				CLANG_WARN_COMMA = YES;
				CLANG_WARN_CONSTANT_CONVERSION = YES;
				CLANG_WARN_DEPRECATED_OBJC_IMPLEMENTATIONS = YES;
				CLANG_WARN_DIRECT_OBJC_ISA_USAGE = YES_ERROR;
				CLANG_WARN_DOCUMENTATION_COMMENTS = YES;
				CLANG_WARN_EMPTY_BODY = YES;
				CLANG_WARN_ENUM_CONVERSION = YES;
				CLANG_WARN_INFINITE_RECURSION = YES;
				CLANG_WARN_INT_CONVERSION = YES;
				CLANG_WARN_NON_LITERAL_NULL_CONVERSION = YES;
				CLANG_WARN_OBJC_IMPLICIT_RETAIN_SELF = YES;
				CLANG_WARN_OBJC_LITERAL_CONVERSION = YES;
				CLANG_WARN_OBJC_ROOT_CLASS = YES_ERROR;
				CLANG_WARN_QUOTED_INCLUDE_IN_FRAMEWORK_HEADER = YES;
				CLANG_WARN_RANGE_LOOP_ANALYSIS = YES;
				CLANG_WARN_STRICT_PROTOTYPES = YES;
				CLANG_WARN_SUSPICIOUS_MOVE = YES;
				CLANG_WARN_UNGUARDED_AVAILABILITY = YES_AGGRESSIVE;
				CLANG_WARN_UNREACHABLE_CODE = YES;
				CLANG_WARN__DUPLICATE_METHOD_MATCH = YES;
				COPY_PHASE_STRIP = NO;
				DEBUG_INFORMATION_FORMAT = dwarf;
				ENABLE_STRICT_OBJC_MSGSEND = YES;
				ENABLE_TESTABILITY = YES;
				GCC_C_LANGUAGE_STANDARD = gnu11;
				GCC_DYNAMIC_NO_PIC = NO;
				GCC_NO_COMMON_BLOCKS = YES;
				GCC_OPTIMIZATION_LEVEL = 0;
				GCC_PREPROCESSOR_DEFINITIONS = (
					"DEBUG=1",
					"$(inherited)",
				);
				GCC_WARN_64_TO_32_BIT_CONVERSION = YES;
				GCC_WARN_ABOUT_RETURN_TYPE = YES_ERROR;
				GCC_WARN_UNDECLARED_SELECTOR = YES;
				GCC_WARN_UNINITIALIZED_AUTOS = YES_AGGRESSIVE;
				GCC_WARN_UNUSED_FUNCTION = YES;
				GCC_WARN_UNUSED_VARIABLE = YES;
				IPHONEOS_DEPLOYMENT_TARGET = 15.5;
				MACOSX_DEPLOYMENT_TARGET = 12.3;
				MTL_ENABLE_DEBUG_INFO = INCLUDE_SOURCE;
				MTL_FAST_MATH = YES;
				ONLY_ACTIVE_ARCH = YES;
				SWIFT_ACTIVE_COMPILATION_CONDITIONS = DEBUG;
				SWIFT_OPTIMIZATION_LEVEL = "-Onone";
			};
			name = Debug;
		};
		841380F3284C380700A57BC4 /* Release */ = {
			isa = XCBuildConfiguration;
			buildSettings = {
				ALWAYS_SEARCH_USER_PATHS = NO;
				CLANG_ANALYZER_NONNULL = YES;
				CLANG_ANALYZER_NUMBER_OBJECT_CONVERSION = YES_AGGRESSIVE;
				CLANG_CXX_LANGUAGE_STANDARD = "gnu++17";
				CLANG_ENABLE_MODULES = YES;
				CLANG_ENABLE_OBJC_ARC = YES;
				CLANG_ENABLE_OBJC_WEAK = YES;
				CLANG_WARN_BLOCK_CAPTURE_AUTORELEASING = YES;
				CLANG_WARN_BOOL_CONVERSION = YES;
				CLANG_WARN_COMMA = YES;
				CLANG_WARN_CONSTANT_CONVERSION = YES;
				CLANG_WARN_DEPRECATED_OBJC_IMPLEMENTATIONS = YES;
				CLANG_WARN_DIRECT_OBJC_ISA_USAGE = YES_ERROR;
				CLANG_WARN_DOCUMENTATION_COMMENTS = YES;
				CLANG_WARN_EMPTY_BODY = YES;
				CLANG_WARN_ENUM_CONVERSION = YES;
				CLANG_WARN_INFINITE_RECURSION = YES;
				CLANG_WARN_INT_CONVERSION = YES;
				CLANG_WARN_NON_LITERAL_NULL_CONVERSION = YES;
				CLANG_WARN_OBJC_IMPLICIT_RETAIN_SELF = YES;
				CLANG_WARN_OBJC_LITERAL_CONVERSION = YES;
				CLANG_WARN_OBJC_ROOT_CLASS = YES_ERROR;
				CLANG_WARN_QUOTED_INCLUDE_IN_FRAMEWORK_HEADER = YES;
				CLANG_WARN_RANGE_LOOP_ANALYSIS = YES;
				CLANG_WARN_STRICT_PROTOTYPES = YES;
				CLANG_WARN_SUSPICIOUS_MOVE = YES;
				CLANG_WARN_UNGUARDED_AVAILABILITY = YES_AGGRESSIVE;
				CLANG_WARN_UNREACHABLE_CODE = YES;
				CLANG_WARN__DUPLICATE_METHOD_MATCH = YES;
				COPY_PHASE_STRIP = NO;
				DEBUG_INFORMATION_FORMAT = "dwarf-with-dsym";
				ENABLE_NS_ASSERTIONS = NO;
				ENABLE_STRICT_OBJC_MSGSEND = YES;
				GCC_C_LANGUAGE_STANDARD = gnu11;
				GCC_NO_COMMON_BLOCKS = YES;
				GCC_WARN_64_TO_32_BIT_CONVERSION = YES;
				GCC_WARN_ABOUT_RETURN_TYPE = YES_ERROR;
				GCC_WARN_UNDECLARED_SELECTOR = YES;
				GCC_WARN_UNINITIALIZED_AUTOS = YES_AGGRESSIVE;
				GCC_WARN_UNUSED_FUNCTION = YES;
				GCC_WARN_UNUSED_VARIABLE = YES;
				IPHONEOS_DEPLOYMENT_TARGET = 15.5;
				MACOSX_DEPLOYMENT_TARGET = 12.3;
				MTL_ENABLE_DEBUG_INFO = NO;
				MTL_FAST_MATH = YES;
				SWIFT_COMPILATION_MODE = wholemodule;
				SWIFT_OPTIMIZATION_LEVEL = "-O";
			};
			name = Release;
		};
		841380F5284C380700A57BC4 /* Debug */ = {
			isa = XCBuildConfiguration;
			buildSettings = {
				ASSETCATALOG_COMPILER_APPICON_NAME = AppIcon;
				ASSETCATALOG_COMPILER_GLOBAL_ACCENT_COLOR_NAME = AccentColor;
				CODE_SIGN_STYLE = Automatic;
				CURRENT_PROJECT_VERSION = 1;
				DEVELOPMENT_TEAM = "";
				ENABLE_PREVIEWS = YES;
				GENERATE_INFOPLIST_FILE = YES;
				INFOPLIST_FILE = "EmberPlayer--iOS--Info.plist";
				INFOPLIST_KEY_LSSupportsOpeningDocumentsInPlace = YES;
				INFOPLIST_KEY_UIApplicationSceneManifest_Generation = YES;
				INFOPLIST_KEY_UIApplicationSupportsIndirectInputEvents = YES;
				INFOPLIST_KEY_UILaunchScreen_Generation = YES;
				INFOPLIST_KEY_UISupportedInterfaceOrientations_iPad = "UIInterfaceOrientationPortrait UIInterfaceOrientationPortraitUpsideDown UIInterfaceOrientationLandscapeLeft UIInterfaceOrientationLandscapeRight";
				INFOPLIST_KEY_UISupportedInterfaceOrientations_iPhone = "UIInterfaceOrientationPortrait UIInterfaceOrientationLandscapeLeft UIInterfaceOrientationLandscapeRight";
				INFOPLIST_KEY_UISupportsDocumentBrowser = YES;
				IPHONEOS_DEPLOYMENT_TARGET = 15.5;
				LD_RUNPATH_SEARCH_PATHS = (
					"$(inherited)",
					"@executable_path/Frameworks",
				);
				MARKETING_VERSION = 1.0;
				PRODUCT_BUNDLE_IDENTIFIER = com.StephenKac.EmberPlayer;
				PRODUCT_NAME = EmberPlayer;
				SDKROOT = iphoneos;
				SWIFT_EMIT_LOC_STRINGS = YES;
				SWIFT_VERSION = 5.0;
				TARGETED_DEVICE_FAMILY = "1,2";
			};
			name = Debug;
		};
		841380F6284C380700A57BC4 /* Release */ = {
			isa = XCBuildConfiguration;
			buildSettings = {
				ASSETCATALOG_COMPILER_APPICON_NAME = AppIcon;
				ASSETCATALOG_COMPILER_GLOBAL_ACCENT_COLOR_NAME = AccentColor;
				CODE_SIGN_STYLE = Automatic;
				CURRENT_PROJECT_VERSION = 1;
				DEVELOPMENT_TEAM = "";
				ENABLE_PREVIEWS = YES;
				GENERATE_INFOPLIST_FILE = YES;
				INFOPLIST_FILE = "EmberPlayer--iOS--Info.plist";
				INFOPLIST_KEY_LSSupportsOpeningDocumentsInPlace = YES;
				INFOPLIST_KEY_UIApplicationSceneManifest_Generation = YES;
				INFOPLIST_KEY_UIApplicationSupportsIndirectInputEvents = YES;
				INFOPLIST_KEY_UILaunchScreen_Generation = YES;
				INFOPLIST_KEY_UISupportedInterfaceOrientations_iPad = "UIInterfaceOrientationPortrait UIInterfaceOrientationPortraitUpsideDown UIInterfaceOrientationLandscapeLeft UIInterfaceOrientationLandscapeRight";
				INFOPLIST_KEY_UISupportedInterfaceOrientations_iPhone = "UIInterfaceOrientationPortrait UIInterfaceOrientationLandscapeLeft UIInterfaceOrientationLandscapeRight";
				INFOPLIST_KEY_UISupportsDocumentBrowser = YES;
				IPHONEOS_DEPLOYMENT_TARGET = 15.5;
				LD_RUNPATH_SEARCH_PATHS = (
					"$(inherited)",
					"@executable_path/Frameworks",
				);
				MARKETING_VERSION = 1.0;
				PRODUCT_BUNDLE_IDENTIFIER = com.StephenKac.EmberPlayer;
				PRODUCT_NAME = EmberPlayer;
				SDKROOT = iphoneos;
				SWIFT_EMIT_LOC_STRINGS = YES;
				SWIFT_VERSION = 5.0;
				TARGETED_DEVICE_FAMILY = "1,2";
				VALIDATE_PRODUCT = YES;
			};
			name = Release;
		};
		841380F8284C380700A57BC4 /* Debug */ = {
			isa = XCBuildConfiguration;
			buildSettings = {
				ASSETCATALOG_COMPILER_APPICON_NAME = AppIcon;
				ASSETCATALOG_COMPILER_GLOBAL_ACCENT_COLOR_NAME = AccentColor;
				CODE_SIGN_ENTITLEMENTS = macOS/macOS.entitlements;
				CODE_SIGN_STYLE = Automatic;
				COMBINE_HIDPI_IMAGES = YES;
				CURRENT_PROJECT_VERSION = 1;
				DEVELOPMENT_TEAM = "";
				ENABLE_HARDENED_RUNTIME = YES;
				ENABLE_PREVIEWS = YES;
				GENERATE_INFOPLIST_FILE = YES;
				INFOPLIST_FILE = "EmberPlayer--macOS--Info.plist";
				INFOPLIST_KEY_NSHumanReadableCopyright = "";
				LD_RUNPATH_SEARCH_PATHS = (
					"$(inherited)",
					"@executable_path/../Frameworks",
				);
				MACOSX_DEPLOYMENT_TARGET = 12.3;
				MARKETING_VERSION = 1.0;
				PRODUCT_BUNDLE_IDENTIFIER = com.StephenKac.EmberPlayer;
				PRODUCT_NAME = EmberPlayer;
				SDKROOT = macosx;
				SWIFT_EMIT_LOC_STRINGS = YES;
				SWIFT_VERSION = 5.0;
			};
			name = Debug;
		};
		841380F9284C380700A57BC4 /* Release */ = {
			isa = XCBuildConfiguration;
			buildSettings = {
				ASSETCATALOG_COMPILER_APPICON_NAME = AppIcon;
				ASSETCATALOG_COMPILER_GLOBAL_ACCENT_COLOR_NAME = AccentColor;
				CODE_SIGN_ENTITLEMENTS = macOS/macOS.entitlements;
				CODE_SIGN_STYLE = Automatic;
				COMBINE_HIDPI_IMAGES = YES;
				CURRENT_PROJECT_VERSION = 1;
				DEVELOPMENT_TEAM = "";
				ENABLE_HARDENED_RUNTIME = YES;
				ENABLE_PREVIEWS = YES;
				GENERATE_INFOPLIST_FILE = YES;
				INFOPLIST_FILE = "EmberPlayer--macOS--Info.plist";
				INFOPLIST_KEY_NSHumanReadableCopyright = "";
				LD_RUNPATH_SEARCH_PATHS = (
					"$(inherited)",
					"@executable_path/../Frameworks",
				);
				MACOSX_DEPLOYMENT_TARGET = 12.3;
				MARKETING_VERSION = 1.0;
				PRODUCT_BUNDLE_IDENTIFIER = com.StephenKac.EmberPlayer;
				PRODUCT_NAME = EmberPlayer;
				SDKROOT = macosx;
				SWIFT_EMIT_LOC_STRINGS = YES;
				SWIFT_VERSION = 5.0;
			};
			name = Release;
		};
/* End XCBuildConfiguration section */

/* Begin XCConfigurationList section */
		841380BB284C380600A57BC4 /* Build configuration list for PBXProject "EmberPlayer" */ = {
			isa = XCConfigurationList;
			buildConfigurations = (
				841380F2284C380700A57BC4 /* Debug */,
				841380F3284C380700A57BC4 /* Release */,
			);
			defaultConfigurationIsVisible = 0;
			defaultConfigurationName = Release;
		};
		841380F4284C380700A57BC4 /* Build configuration list for PBXNativeTarget "EmberPlayer (iOS)" */ = {
			isa = XCConfigurationList;
			buildConfigurations = (
				841380F5284C380700A57BC4 /* Debug */,
				841380F6284C380700A57BC4 /* Release */,
			);
			defaultConfigurationIsVisible = 0;
			defaultConfigurationName = Release;
		};
		841380F7284C380700A57BC4 /* Build configuration list for PBXNativeTarget "EmberPlayer (macOS)" */ = {
			isa = XCConfigurationList;
			buildConfigurations = (
				841380F8284C380700A57BC4 /* Debug */,
				841380F9284C380700A57BC4 /* Release */,
			);
			defaultConfigurationIsVisible = 0;
			defaultConfigurationName = Release;
		};
/* End XCConfigurationList section */

/* Begin XCVersionGroup section */
		841380BD284C380600A57BC4 /* EmberPlayer.xcdatamodeld */ = {
			isa = XCVersionGroup;
			children = (
				841380BE284C380600A57BC4 /* Shared.xcdatamodel */,
			);
			currentVersion = 841380BE284C380600A57BC4 /* Shared.xcdatamodel */;
			path = EmberPlayer.xcdatamodeld;
			sourceTree = "<group>";
			versionGroupType = wrapper.xcdatamodel;
		};
/* End XCVersionGroup section */
	};
	rootObject = 841380B8284C380600A57BC4 /* Project object */;
}
