// !$*UTF8*$!
{
	archiveVersion = 1;
	classes = {
	};
	objectVersion = 55;
	objects = {

/* Begin PBXBuildFile section */
		841380D9284C380700A57BC4 /* Tests_iOS.swift in Sources */ = {isa = PBXBuildFile; fileRef = 841380D8284C380700A57BC4 /* Tests_iOS.swift */; };
		841380DB284C380700A57BC4 /* Tests_iOSLaunchTests.swift in Sources */ = {isa = PBXBuildFile; fileRef = 841380DA284C380700A57BC4 /* Tests_iOSLaunchTests.swift */; };
		841380E5284C380700A57BC4 /* Tests_macOS.swift in Sources */ = {isa = PBXBuildFile; fileRef = 841380E4284C380700A57BC4 /* Tests_macOS.swift */; };
		841380E7284C380700A57BC4 /* Tests_macOSLaunchTests.swift in Sources */ = {isa = PBXBuildFile; fileRef = 841380E6284C380700A57BC4 /* Tests_macOSLaunchTests.swift */; };
		841380E8284C380700A57BC4 /* EmberPlayer.xcdatamodeld in Sources */ = {isa = PBXBuildFile; fileRef = 841380BD284C380600A57BC4 /* EmberPlayer.xcdatamodeld */; };
		841380E9284C380700A57BC4 /* EmberPlayer.xcdatamodeld in Sources */ = {isa = PBXBuildFile; fileRef = 841380BD284C380600A57BC4 /* EmberPlayer.xcdatamodeld */; };
		841380EA284C380700A57BC4 /* EmberPlayerApp.swift in Sources */ = {isa = PBXBuildFile; fileRef = 841380BF284C380600A57BC4 /* EmberPlayerApp.swift */; };
		841380EB284C380700A57BC4 /* EmberPlayerApp.swift in Sources */ = {isa = PBXBuildFile; fileRef = 841380BF284C380600A57BC4 /* EmberPlayerApp.swift */; };
		841380EC284C380700A57BC4 /* ContentView.swift in Sources */ = {isa = PBXBuildFile; fileRef = 841380C0284C380600A57BC4 /* ContentView.swift */; };
		841380ED284C380700A57BC4 /* ContentView.swift in Sources */ = {isa = PBXBuildFile; fileRef = 841380C0284C380600A57BC4 /* ContentView.swift */; };
		841380EE284C380700A57BC4 /* Persistence.swift in Sources */ = {isa = PBXBuildFile; fileRef = 841380C1284C380600A57BC4 /* Persistence.swift */; };
		841380EF284C380700A57BC4 /* Persistence.swift in Sources */ = {isa = PBXBuildFile; fileRef = 841380C1284C380600A57BC4 /* Persistence.swift */; };
		841380F0284C380700A57BC4 /* Assets.xcassets in Resources */ = {isa = PBXBuildFile; fileRef = 841380C2284C380700A57BC4 /* Assets.xcassets */; };
		841380F1284C380700A57BC4 /* Assets.xcassets in Resources */ = {isa = PBXBuildFile; fileRef = 841380C2284C380700A57BC4 /* Assets.xcassets */; };
/* End PBXBuildFile section */

/* Begin PBXContainerItemProxy section */
		841380D5284C380700A57BC4 /* PBXContainerItemProxy */ = {
			isa = PBXContainerItemProxy;
			containerPortal = 841380B8284C380600A57BC4 /* Project object */;
			proxyType = 1;
			remoteGlobalIDString = 841380C6284C380700A57BC4;
			remoteInfo = "EmberPlayer (iOS)";
		};
		841380E1284C380700A57BC4 /* PBXContainerItemProxy */ = {
			isa = PBXContainerItemProxy;
			containerPortal = 841380B8284C380600A57BC4 /* Project object */;
			proxyType = 1;
			remoteGlobalIDString = 841380CC284C380700A57BC4;
			remoteInfo = "EmberPlayer (macOS)";
		};
/* End PBXContainerItemProxy section */

/* Begin PBXFileReference section */
		841380BE284C380600A57BC4 /* Shared.xcdatamodel */ = {isa = PBXFileReference; lastKnownFileType = wrapper.xcdatamodel; path = Shared.xcdatamodel; sourceTree = "<group>"; };
		841380BF284C380600A57BC4 /* EmberPlayerApp.swift */ = {isa = PBXFileReference; lastKnownFileType = sourcecode.swift; path = EmberPlayerApp.swift; sourceTree = "<group>"; };
		841380C0284C380600A57BC4 /* ContentView.swift */ = {isa = PBXFileReference; lastKnownFileType = sourcecode.swift; path = ContentView.swift; sourceTree = "<group>"; };
		841380C1284C380600A57BC4 /* Persistence.swift */ = {isa = PBXFileReference; lastKnownFileType = sourcecode.swift; path = Persistence.swift; sourceTree = "<group>"; };
		841380C2284C380700A57BC4 /* Assets.xcassets */ = {isa = PBXFileReference; lastKnownFileType = folder.assetcatalog; path = Assets.xcassets; sourceTree = "<group>"; };
		841380C7284C380700A57BC4 /* EmberPlayer.app */ = {isa = PBXFileReference; explicitFileType = wrapper.application; includeInIndex = 0; path = EmberPlayer.app; sourceTree = BUILT_PRODUCTS_DIR; };
		841380CD284C380700A57BC4 /* EmberPlayer.app */ = {isa = PBXFileReference; explicitFileType = wrapper.application; includeInIndex = 0; path = EmberPlayer.app; sourceTree = BUILT_PRODUCTS_DIR; };
		841380CF284C380700A57BC4 /* macOS.entitlements */ = {isa = PBXFileReference; lastKnownFileType = text.plist.entitlements; path = macOS.entitlements; sourceTree = "<group>"; };
		841380D4284C380700A57BC4 /* Tests iOS.xctest */ = {isa = PBXFileReference; explicitFileType = wrapper.cfbundle; includeInIndex = 0; path = "Tests iOS.xctest"; sourceTree = BUILT_PRODUCTS_DIR; };
		841380D8284C380700A57BC4 /* Tests_iOS.swift */ = {isa = PBXFileReference; lastKnownFileType = sourcecode.swift; path = Tests_iOS.swift; sourceTree = "<group>"; };
		841380DA284C380700A57BC4 /* Tests_iOSLaunchTests.swift */ = {isa = PBXFileReference; lastKnownFileType = sourcecode.swift; path = Tests_iOSLaunchTests.swift; sourceTree = "<group>"; };
		841380E0284C380700A57BC4 /* Tests macOS.xctest */ = {isa = PBXFileReference; explicitFileType = wrapper.cfbundle; includeInIndex = 0; path = "Tests macOS.xctest"; sourceTree = BUILT_PRODUCTS_DIR; };
		841380E4284C380700A57BC4 /* Tests_macOS.swift */ = {isa = PBXFileReference; lastKnownFileType = sourcecode.swift; path = Tests_macOS.swift; sourceTree = "<group>"; };
		841380E6284C380700A57BC4 /* Tests_macOSLaunchTests.swift */ = {isa = PBXFileReference; lastKnownFileType = sourcecode.swift; path = Tests_macOSLaunchTests.swift; sourceTree = "<group>"; };
/* End PBXFileReference section */

/* Begin PBXFrameworksBuildPhase section */
		841380C4284C380700A57BC4 /* Frameworks */ = {
			isa = PBXFrameworksBuildPhase;
			buildActionMask = 2147483647;
			files = (
			);
			runOnlyForDeploymentPostprocessing = 0;
		};
		841380CA284C380700A57BC4 /* Frameworks */ = {
			isa = PBXFrameworksBuildPhase;
			buildActionMask = 2147483647;
			files = (
			);
			runOnlyForDeploymentPostprocessing = 0;
		};
		841380D1284C380700A57BC4 /* Frameworks */ = {
			isa = PBXFrameworksBuildPhase;
			buildActionMask = 2147483647;
			files = (
			);
			runOnlyForDeploymentPostprocessing = 0;
		};
		841380DD284C380700A57BC4 /* Frameworks */ = {
			isa = PBXFrameworksBuildPhase;
			buildActionMask = 2147483647;
			files = (
			);
			runOnlyForDeploymentPostprocessing = 0;
		};
/* End PBXFrameworksBuildPhase section */

/* Begin PBXGroup section */
		841380B7284C380600A57BC4 = {
			isa = PBXGroup;
			children = (
				841380BC284C380600A57BC4 /* Shared */,
				841380CE284C380700A57BC4 /* macOS */,
				841380D7284C380700A57BC4 /* Tests iOS */,
				841380E3284C380700A57BC4 /* Tests macOS */,
				841380C8284C380700A57BC4 /* Products */,
			);
			sourceTree = "<group>";
		};
		841380BC284C380600A57BC4 /* Shared */ = {
			isa = PBXGroup;
			children = (
				841380BF284C380600A57BC4 /* EmberPlayerApp.swift */,
				841380C0284C380600A57BC4 /* ContentView.swift */,
				841380C1284C380600A57BC4 /* Persistence.swift */,
				841380C2284C380700A57BC4 /* Assets.xcassets */,
				841380BD284C380600A57BC4 /* EmberPlayer.xcdatamodeld */,
			);
			path = Shared;
			sourceTree = "<group>";
		};
		841380C8284C380700A57BC4 /* Products */ = {
			isa = PBXGroup;
			children = (
				841380C7284C380700A57BC4 /* EmberPlayer.app */,
				841380CD284C380700A57BC4 /* EmberPlayer.app */,
				841380D4284C380700A57BC4 /* Tests iOS.xctest */,
				841380E0284C380700A57BC4 /* Tests macOS.xctest */,
			);
			name = Products;
			sourceTree = "<group>";
		};
		841380CE284C380700A57BC4 /* macOS */ = {
			isa = PBXGroup;
			children = (
				841380CF284C380700A57BC4 /* macOS.entitlements */,
			);
			path = macOS;
			sourceTree = "<group>";
		};
		841380D7284C380700A57BC4 /* Tests iOS */ = {
			isa = PBXGroup;
			children = (
				841380D8284C380700A57BC4 /* Tests_iOS.swift */,
				841380DA284C380700A57BC4 /* Tests_iOSLaunchTests.swift */,
			);
			path = "Tests iOS";
			sourceTree = "<group>";
		};
		841380E3284C380700A57BC4 /* Tests macOS */ = {
			isa = PBXGroup;
			children = (
				841380E4284C380700A57BC4 /* Tests_macOS.swift */,
				841380E6284C380700A57BC4 /* Tests_macOSLaunchTests.swift */,
			);
			path = "Tests macOS";
			sourceTree = "<group>";
		};
/* End PBXGroup section */

/* Begin PBXNativeTarget section */
		841380C6284C380700A57BC4 /* EmberPlayer (iOS) */ = {
			isa = PBXNativeTarget;
			buildConfigurationList = 841380F4284C380700A57BC4 /* Build configuration list for PBXNativeTarget "EmberPlayer (iOS)" */;
			buildPhases = (
				841380C3284C380700A57BC4 /* Sources */,
				841380C4284C380700A57BC4 /* Frameworks */,
				841380C5284C380700A57BC4 /* Resources */,
			);
			buildRules = (
			);
			dependencies = (
			);
			name = "EmberPlayer (iOS)";
			productName = "EmberPlayer (iOS)";
			productReference = 841380C7284C380700A57BC4 /* EmberPlayer.app */;
			productType = "com.apple.product-type.application";
		};
		841380CC284C380700A57BC4 /* EmberPlayer (macOS) */ = {
			isa = PBXNativeTarget;
			buildConfigurationList = 841380F7284C380700A57BC4 /* Build configuration list for PBXNativeTarget "EmberPlayer (macOS)" */;
			buildPhases = (
				841380C9284C380700A57BC4 /* Sources */,
				841380CA284C380700A57BC4 /* Frameworks */,
				841380CB284C380700A57BC4 /* Resources */,
			);
			buildRules = (
			);
			dependencies = (
			);
			name = "EmberPlayer (macOS)";
			productName = "EmberPlayer (macOS)";
			productReference = 841380CD284C380700A57BC4 /* EmberPlayer.app */;
			productType = "com.apple.product-type.application";
		};
		841380D3284C380700A57BC4 /* Tests iOS */ = {
			isa = PBXNativeTarget;
			buildConfigurationList = 841380FA284C380700A57BC4 /* Build configuration list for PBXNativeTarget "Tests iOS" */;
			buildPhases = (
				841380D0284C380700A57BC4 /* Sources */,
				841380D1284C380700A57BC4 /* Frameworks */,
				841380D2284C380700A57BC4 /* Resources */,
			);
			buildRules = (
			);
			dependencies = (
				841380D6284C380700A57BC4 /* PBXTargetDependency */,
			);
			name = "Tests iOS";
			productName = "Tests iOS";
			productReference = 841380D4284C380700A57BC4 /* Tests iOS.xctest */;
			productType = "com.apple.product-type.bundle.ui-testing";
		};
		841380DF284C380700A57BC4 /* Tests macOS */ = {
			isa = PBXNativeTarget;
			buildConfigurationList = 841380FD284C380700A57BC4 /* Build configuration list for PBXNativeTarget "Tests macOS" */;
			buildPhases = (
				841380DC284C380700A57BC4 /* Sources */,
				841380DD284C380700A57BC4 /* Frameworks */,
				841380DE284C380700A57BC4 /* Resources */,
			);
			buildRules = (
			);
			dependencies = (
				841380E2284C380700A57BC4 /* PBXTargetDependency */,
			);
			name = "Tests macOS";
			productName = "Tests macOS";
			productReference = 841380E0284C380700A57BC4 /* Tests macOS.xctest */;
			productType = "com.apple.product-type.bundle.ui-testing";
		};
/* End PBXNativeTarget section */

/* Begin PBXProject section */
		841380B8284C380600A57BC4 /* Project object */ = {
			isa = PBXProject;
			attributes = {
				BuildIndependentTargetsInParallel = 1;
				LastSwiftUpdateCheck = 1340;
				LastUpgradeCheck = 1340;
				TargetAttributes = {
					841380C6284C380700A57BC4 = {
						CreatedOnToolsVersion = 13.4.1;
					};
					841380CC284C380700A57BC4 = {
						CreatedOnToolsVersion = 13.4.1;
					};
					841380D3284C380700A57BC4 = {
						CreatedOnToolsVersion = 13.4.1;
						TestTargetID = 841380C6284C380700A57BC4;
					};
					841380DF284C380700A57BC4 = {
						CreatedOnToolsVersion = 13.4.1;
						TestTargetID = 841380CC284C380700A57BC4;
					};
				};
			};
			buildConfigurationList = 841380BB284C380600A57BC4 /* Build configuration list for PBXProject "EmberPlayer" */;
			compatibilityVersion = "Xcode 13.0";
			developmentRegion = en;
			hasScannedForEncodings = 0;
			knownRegions = (
				en,
				Base,
			);
			mainGroup = 841380B7284C380600A57BC4;
			productRefGroup = 841380C8284C380700A57BC4 /* Products */;
			projectDirPath = "";
			projectRoot = "";
			targets = (
				841380C6284C380700A57BC4 /* EmberPlayer (iOS) */,
				841380CC284C380700A57BC4 /* EmberPlayer (macOS) */,
				841380D3284C380700A57BC4 /* Tests iOS */,
				841380DF284C380700A57BC4 /* Tests macOS */,
			);
		};
/* End PBXProject section */

/* Begin PBXResourcesBuildPhase section */
		841380C5284C380700A57BC4 /* Resources */ = {
			isa = PBXResourcesBuildPhase;
			buildActionMask = 2147483647;
			files = (
				841380F0284C380700A57BC4 /* Assets.xcassets in Resources */,
			);
			runOnlyForDeploymentPostprocessing = 0;
		};
		841380CB284C380700A57BC4 /* Resources */ = {
			isa = PBXResourcesBuildPhase;
			buildActionMask = 2147483647;
			files = (
				841380F1284C380700A57BC4 /* Assets.xcassets in Resources */,
			);
			runOnlyForDeploymentPostprocessing = 0;
		};
		841380D2284C380700A57BC4 /* Resources */ = {
			isa = PBXResourcesBuildPhase;
			buildActionMask = 2147483647;
			files = (
			);
			runOnlyForDeploymentPostprocessing = 0;
		};
		841380DE284C380700A57BC4 /* Resources */ = {
			isa = PBXResourcesBuildPhase;
			buildActionMask = 2147483647;
			files = (
			);
			runOnlyForDeploymentPostprocessing = 0;
		};
/* End PBXResourcesBuildPhase section */

/* Begin PBXSourcesBuildPhase section */
		841380C3284C380700A57BC4 /* Sources */ = {
			isa = PBXSourcesBuildPhase;
			buildActionMask = 2147483647;
			files = (
				841380EA284C380700A57BC4 /* EmberPlayerApp.swift in Sources */,
				841380EE284C380700A57BC4 /* Persistence.swift in Sources */,
				841380E8284C380700A57BC4 /* EmberPlayer.xcdatamodeld in Sources */,
				841380EC284C380700A57BC4 /* ContentView.swift in Sources */,
			);
			runOnlyForDeploymentPostprocessing = 0;
		};
		841380C9284C380700A57BC4 /* Sources */ = {
			isa = PBXSourcesBuildPhase;
			buildActionMask = 2147483647;
			files = (
				841380EB284C380700A57BC4 /* EmberPlayerApp.swift in Sources */,
				841380EF284C380700A57BC4 /* Persistence.swift in Sources */,
				841380E9284C380700A57BC4 /* EmberPlayer.xcdatamodeld in Sources */,
				841380ED284C380700A57BC4 /* ContentView.swift in Sources */,
			);
			runOnlyForDeploymentPostprocessing = 0;
		};
		841380D0284C380700A57BC4 /* Sources */ = {
			isa = PBXSourcesBuildPhase;
			buildActionMask = 2147483647;
			files = (
				841380DB284C380700A57BC4 /* Tests_iOSLaunchTests.swift in Sources */,
				841380D9284C380700A57BC4 /* Tests_iOS.swift in Sources */,
			);
			runOnlyForDeploymentPostprocessing = 0;
		};
		841380DC284C380700A57BC4 /* Sources */ = {
			isa = PBXSourcesBuildPhase;
			buildActionMask = 2147483647;
			files = (
				841380E7284C380700A57BC4 /* Tests_macOSLaunchTests.swift in Sources */,
				841380E5284C380700A57BC4 /* Tests_macOS.swift in Sources */,
			);
			runOnlyForDeploymentPostprocessing = 0;
		};
/* End PBXSourcesBuildPhase section */

/* Begin PBXTargetDependency section */
		841380D6284C380700A57BC4 /* PBXTargetDependency */ = {
			isa = PBXTargetDependency;
			target = 841380C6284C380700A57BC4 /* EmberPlayer (iOS) */;
			targetProxy = 841380D5284C380700A57BC4 /* PBXContainerItemProxy */;
		};
		841380E2284C380700A57BC4 /* PBXTargetDependency */ = {
			isa = PBXTargetDependency;
			target = 841380CC284C380700A57BC4 /* EmberPlayer (macOS) */;
			targetProxy = 841380E1284C380700A57BC4 /* PBXContainerItemProxy */;
		};
/* End PBXTargetDependency section */

/* Begin XCBuildConfiguration section */
		841380F2284C380700A57BC4 /* Debug */ = {
			isa = XCBuildConfiguration;
			buildSettings = {
				ALWAYS_SEARCH_USER_PATHS = NO;
				CLANG_ANALYZER_NONNULL = YES;
				CLANG_ANALYZER_NUMBER_OBJECT_CONVERSION = YES_AGGRESSIVE;
				CLANG_CXX_LANGUAGE_STANDARD = "gnu++17";
				CLANG_ENABLE_MODULES = YES;
				CLANG_ENABLE_OBJC_ARC = YES;
				CLANG_ENABLE_OBJC_WEAK = YES;
				CLANG_WARN_BLOCK_CAPTURE_AUTORELEASING = YES;
				CLANG_WARN_BOOL_CONVERSION = YES;
				CLANG_WARN_COMMA = YES;
				CLANG_WARN_CONSTANT_CONVERSION = YES;
				CLANG_WARN_DEPRECATED_OBJC_IMPLEMENTATIONS = YES;
				CLANG_WARN_DIRECT_OBJC_ISA_USAGE = YES_ERROR;
				CLANG_WARN_DOCUMENTATION_COMMENTS = YES;
				CLANG_WARN_EMPTY_BODY = YES;
				CLANG_WARN_ENUM_CONVERSION = YES;
				CLANG_WARN_INFINITE_RECURSION = YES;
				CLANG_WARN_INT_CONVERSION = YES;
				CLANG_WARN_NON_LITERAL_NULL_CONVERSION = YES;
				CLANG_WARN_OBJC_IMPLICIT_RETAIN_SELF = YES;
				CLANG_WARN_OBJC_LITERAL_CONVERSION = YES;
				CLANG_WARN_OBJC_ROOT_CLASS = YES_ERROR;
				CLANG_WARN_QUOTED_INCLUDE_IN_FRAMEWORK_HEADER = YES;
				CLANG_WARN_RANGE_LOOP_ANALYSIS = YES;
				CLANG_WARN_STRICT_PROTOTYPES = YES;
				CLANG_WARN_SUSPICIOUS_MOVE = YES;
				CLANG_WARN_UNGUARDED_AVAILABILITY = YES_AGGRESSIVE;
				CLANG_WARN_UNREACHABLE_CODE = YES;
				CLANG_WARN__DUPLICATE_METHOD_MATCH = YES;
				COPY_PHASE_STRIP = NO;
				DEBUG_INFORMATION_FORMAT = dwarf;
				ENABLE_STRICT_OBJC_MSGSEND = YES;
				ENABLE_TESTABILITY = YES;
				GCC_C_LANGUAGE_STANDARD = gnu11;
				GCC_DYNAMIC_NO_PIC = NO;
				GCC_NO_COMMON_BLOCKS = YES;
				GCC_OPTIMIZATION_LEVEL = 0;
				GCC_PREPROCESSOR_DEFINITIONS = (
					"DEBUG=1",
					"$(inherited)",
				);
				GCC_WARN_64_TO_32_BIT_CONVERSION = YES;
				GCC_WARN_ABOUT_RETURN_TYPE = YES_ERROR;
				GCC_WARN_UNDECLARED_SELECTOR = YES;
				GCC_WARN_UNINITIALIZED_AUTOS = YES_AGGRESSIVE;
				GCC_WARN_UNUSED_FUNCTION = YES;
				GCC_WARN_UNUSED_VARIABLE = YES;
				MTL_ENABLE_DEBUG_INFO = INCLUDE_SOURCE;
				MTL_FAST_MATH = YES;
				ONLY_ACTIVE_ARCH = YES;
				SWIFT_ACTIVE_COMPILATION_CONDITIONS = DEBUG;
				SWIFT_OPTIMIZATION_LEVEL = "-Onone";
			};
			name = Debug;
		};
		841380F3284C380700A57BC4 /* Release */ = {
			isa = XCBuildConfiguration;
			buildSettings = {
				ALWAYS_SEARCH_USER_PATHS = NO;
				CLANG_ANALYZER_NONNULL = YES;
				CLANG_ANALYZER_NUMBER_OBJECT_CONVERSION = YES_AGGRESSIVE;
				CLANG_CXX_LANGUAGE_STANDARD = "gnu++17";
				CLANG_ENABLE_MODULES = YES;
				CLANG_ENABLE_OBJC_ARC = YES;
				CLANG_ENABLE_OBJC_WEAK = YES;
				CLANG_WARN_BLOCK_CAPTURE_AUTORELEASING = YES;
				CLANG_WARN_BOOL_CONVERSION = YES;
				CLANG_WARN_COMMA = YES;
				CLANG_WARN_CONSTANT_CONVERSION = YES;
				CLANG_WARN_DEPRECATED_OBJC_IMPLEMENTATIONS = YES;
				CLANG_WARN_DIRECT_OBJC_ISA_USAGE = YES_ERROR;
				CLANG_WARN_DOCUMENTATION_COMMENTS = YES;
				CLANG_WARN_EMPTY_BODY = YES;
				CLANG_WARN_ENUM_CONVERSION = YES;
				CLANG_WARN_INFINITE_RECURSION = YES;
				CLANG_WARN_INT_CONVERSION = YES;
				CLANG_WARN_NON_LITERAL_NULL_CONVERSION = YES;
				CLANG_WARN_OBJC_IMPLICIT_RETAIN_SELF = YES;
				CLANG_WARN_OBJC_LITERAL_CONVERSION = YES;
				CLANG_WARN_OBJC_ROOT_CLASS = YES_ERROR;
				CLANG_WARN_QUOTED_INCLUDE_IN_FRAMEWORK_HEADER = YES;
				CLANG_WARN_RANGE_LOOP_ANALYSIS = YES;
				CLANG_WARN_STRICT_PROTOTYPES = YES;
				CLANG_WARN_SUSPICIOUS_MOVE = YES;
				CLANG_WARN_UNGUARDED_AVAILABILITY = YES_AGGRESSIVE;
				CLANG_WARN_UNREACHABLE_CODE = YES;
				CLANG_WARN__DUPLICATE_METHOD_MATCH = YES;
				COPY_PHASE_STRIP = NO;
				DEBUG_INFORMATION_FORMAT = "dwarf-with-dsym";
				ENABLE_NS_ASSERTIONS = NO;
				ENABLE_STRICT_OBJC_MSGSEND = YES;
				GCC_C_LANGUAGE_STANDARD = gnu11;
				GCC_NO_COMMON_BLOCKS = YES;
				GCC_WARN_64_TO_32_BIT_CONVERSION = YES;
				GCC_WARN_ABOUT_RETURN_TYPE = YES_ERROR;
				GCC_WARN_UNDECLARED_SELECTOR = YES;
				GCC_WARN_UNINITIALIZED_AUTOS = YES_AGGRESSIVE;
				GCC_WARN_UNUSED_FUNCTION = YES;
				GCC_WARN_UNUSED_VARIABLE = YES;
				MTL_ENABLE_DEBUG_INFO = NO;
				MTL_FAST_MATH = YES;
				SWIFT_COMPILATION_MODE = wholemodule;
				SWIFT_OPTIMIZATION_LEVEL = "-O";
			};
			name = Release;
		};
		841380F5284C380700A57BC4 /* Debug */ = {
			isa = XCBuildConfiguration;
			buildSettings = {
				ASSETCATALOG_COMPILER_APPICON_NAME = AppIcon;
				ASSETCATALOG_COMPILER_GLOBAL_ACCENT_COLOR_NAME = AccentColor;
				CODE_SIGN_STYLE = Automatic;
				CURRENT_PROJECT_VERSION = 1;
				DEVELOPMENT_TEAM = N3S44ULQD4;
				ENABLE_PREVIEWS = YES;
				GENERATE_INFOPLIST_FILE = YES;
				INFOPLIST_KEY_UIApplicationSceneManifest_Generation = YES;
				INFOPLIST_KEY_UIApplicationSupportsIndirectInputEvents = YES;
				INFOPLIST_KEY_UILaunchScreen_Generation = YES;
				INFOPLIST_KEY_UISupportedInterfaceOrientations_iPad = "UIInterfaceOrientationPortrait UIInterfaceOrientationPortraitUpsideDown UIInterfaceOrientationLandscapeLeft UIInterfaceOrientationLandscapeRight";
				INFOPLIST_KEY_UISupportedInterfaceOrientations_iPhone = "UIInterfaceOrientationPortrait UIInterfaceOrientationLandscapeLeft UIInterfaceOrientationLandscapeRight";
				IPHONEOS_DEPLOYMENT_TARGET = 15.5;
				LD_RUNPATH_SEARCH_PATHS = (
					"$(inherited)",
					"@executable_path/Frameworks",
				);
				MARKETING_VERSION = 1.0;
				PRODUCT_BUNDLE_IDENTIFIER = com.StephenKac.EmberPlayer;
				PRODUCT_NAME = EmberPlayer;
				SDKROOT = iphoneos;
				SWIFT_EMIT_LOC_STRINGS = YES;
				SWIFT_VERSION = 5.0;
				TARGETED_DEVICE_FAMILY = "1,2";
			};
			name = Debug;
		};
		841380F6284C380700A57BC4 /* Release */ = {
			isa = XCBuildConfiguration;
			buildSettings = {
				ASSETCATALOG_COMPILER_APPICON_NAME = AppIcon;
				ASSETCATALOG_COMPILER_GLOBAL_ACCENT_COLOR_NAME = AccentColor;
				CODE_SIGN_STYLE = Automatic;
				CURRENT_PROJECT_VERSION = 1;
				DEVELOPMENT_TEAM = N3S44ULQD4;
				ENABLE_PREVIEWS = YES;
				GENERATE_INFOPLIST_FILE = YES;
				INFOPLIST_KEY_UIApplicationSceneManifest_Generation = YES;
				INFOPLIST_KEY_UIApplicationSupportsIndirectInputEvents = YES;
				INFOPLIST_KEY_UILaunchScreen_Generation = YES;
				INFOPLIST_KEY_UISupportedInterfaceOrientations_iPad = "UIInterfaceOrientationPortrait UIInterfaceOrientationPortraitUpsideDown UIInterfaceOrientationLandscapeLeft UIInterfaceOrientationLandscapeRight";
				INFOPLIST_KEY_UISupportedInterfaceOrientations_iPhone = "UIInterfaceOrientationPortrait UIInterfaceOrientationLandscapeLeft UIInterfaceOrientationLandscapeRight";
				IPHONEOS_DEPLOYMENT_TARGET = 15.5;
				LD_RUNPATH_SEARCH_PATHS = (
					"$(inherited)",
					"@executable_path/Frameworks",
				);
				MARKETING_VERSION = 1.0;
				PRODUCT_BUNDLE_IDENTIFIER = com.StephenKac.EmberPlayer;
				PRODUCT_NAME = EmberPlayer;
				SDKROOT = iphoneos;
				SWIFT_EMIT_LOC_STRINGS = YES;
				SWIFT_VERSION = 5.0;
				TARGETED_DEVICE_FAMILY = "1,2";
				VALIDATE_PRODUCT = YES;
			};
			name = Release;
		};
		841380F8284C380700A57BC4 /* Debug */ = {
			isa = XCBuildConfiguration;
			buildSettings = {
				ASSETCATALOG_COMPILER_APPICON_NAME = AppIcon;
				ASSETCATALOG_COMPILER_GLOBAL_ACCENT_COLOR_NAME = AccentColor;
				CODE_SIGN_ENTITLEMENTS = macOS/macOS.entitlements;
				CODE_SIGN_STYLE = Automatic;
				COMBINE_HIDPI_IMAGES = YES;
				CURRENT_PROJECT_VERSION = 1;
				DEVELOPMENT_TEAM = N3S44ULQD4;
				ENABLE_HARDENED_RUNTIME = YES;
				ENABLE_PREVIEWS = YES;
				GENERATE_INFOPLIST_FILE = YES;
				INFOPLIST_KEY_NSHumanReadableCopyright = "";
				LD_RUNPATH_SEARCH_PATHS = (
					"$(inherited)",
					"@executable_path/../Frameworks",
				);
				MACOSX_DEPLOYMENT_TARGET = 12.3;
				MARKETING_VERSION = 1.0;
				PRODUCT_BUNDLE_IDENTIFIER = com.StephenKac.EmberPlayer;
				PRODUCT_NAME = EmberPlayer;
				SDKROOT = macosx;
				SWIFT_EMIT_LOC_STRINGS = YES;
				SWIFT_VERSION = 5.0;
			};
			name = Debug;
		};
		841380F9284C380700A57BC4 /* Release */ = {
			isa = XCBuildConfiguration;
			buildSettings = {
				ASSETCATALOG_COMPILER_APPICON_NAME = AppIcon;
				ASSETCATALOG_COMPILER_GLOBAL_ACCENT_COLOR_NAME = AccentColor;
				CODE_SIGN_ENTITLEMENTS = macOS/macOS.entitlements;
				CODE_SIGN_STYLE = Automatic;
				COMBINE_HIDPI_IMAGES = YES;
				CURRENT_PROJECT_VERSION = 1;
				DEVELOPMENT_TEAM = N3S44ULQD4;
				ENABLE_HARDENED_RUNTIME = YES;
				ENABLE_PREVIEWS = YES;
				GENERATE_INFOPLIST_FILE = YES;
				INFOPLIST_KEY_NSHumanReadableCopyright = "";
				LD_RUNPATH_SEARCH_PATHS = (
					"$(inherited)",
					"@executable_path/../Frameworks",
				);
				MACOSX_DEPLOYMENT_TARGET = 12.3;
				MARKETING_VERSION = 1.0;
				PRODUCT_BUNDLE_IDENTIFIER = com.StephenKac.EmberPlayer;
				PRODUCT_NAME = EmberPlayer;
				SDKROOT = macosx;
				SWIFT_EMIT_LOC_STRINGS = YES;
				SWIFT_VERSION = 5.0;
			};
			name = Release;
		};
		841380FB284C380700A57BC4 /* Debug */ = {
			isa = XCBuildConfiguration;
			buildSettings = {
				ALWAYS_EMBED_SWIFT_STANDARD_LIBRARIES = YES;
				CODE_SIGN_STYLE = Automatic;
				CURRENT_PROJECT_VERSION = 1;
				DEVELOPMENT_TEAM = N3S44ULQD4;
				GENERATE_INFOPLIST_FILE = YES;
				IPHONEOS_DEPLOYMENT_TARGET = 15.5;
				MARKETING_VERSION = 1.0;
				PRODUCT_BUNDLE_IDENTIFIER = "com.StephenKac.Tests-iOS";
				PRODUCT_NAME = "$(TARGET_NAME)";
				SDKROOT = iphoneos;
				SWIFT_EMIT_LOC_STRINGS = NO;
				SWIFT_VERSION = 5.0;
				TARGETED_DEVICE_FAMILY = "1,2";
				TEST_TARGET_NAME = "EmberPlayer (iOS)";
			};
			name = Debug;
		};
		841380FC284C380700A57BC4 /* Release */ = {
			isa = XCBuildConfiguration;
			buildSettings = {
				ALWAYS_EMBED_SWIFT_STANDARD_LIBRARIES = YES;
				CODE_SIGN_STYLE = Automatic;
				CURRENT_PROJECT_VERSION = 1;
				DEVELOPMENT_TEAM = N3S44ULQD4;
				GENERATE_INFOPLIST_FILE = YES;
				IPHONEOS_DEPLOYMENT_TARGET = 15.5;
				MARKETING_VERSION = 1.0;
				PRODUCT_BUNDLE_IDENTIFIER = "com.StephenKac.Tests-iOS";
				PRODUCT_NAME = "$(TARGET_NAME)";
				SDKROOT = iphoneos;
				SWIFT_EMIT_LOC_STRINGS = NO;
				SWIFT_VERSION = 5.0;
				TARGETED_DEVICE_FAMILY = "1,2";
				TEST_TARGET_NAME = "EmberPlayer (iOS)";
				VALIDATE_PRODUCT = YES;
			};
			name = Release;
		};
		841380FE284C380700A57BC4 /* Debug */ = {
			isa = XCBuildConfiguration;
			buildSettings = {
				ALWAYS_EMBED_SWIFT_STANDARD_LIBRARIES = YES;
				CODE_SIGN_STYLE = Automatic;
				CURRENT_PROJECT_VERSION = 1;
				DEVELOPMENT_TEAM = N3S44ULQD4;
				GENERATE_INFOPLIST_FILE = YES;
				MACOSX_DEPLOYMENT_TARGET = 12.3;
				MARKETING_VERSION = 1.0;
				PRODUCT_BUNDLE_IDENTIFIER = "com.StephenKac.Tests-macOS";
				PRODUCT_NAME = "$(TARGET_NAME)";
				SDKROOT = macosx;
				SWIFT_EMIT_LOC_STRINGS = NO;
				SWIFT_VERSION = 5.0;
				TEST_TARGET_NAME = "EmberPlayer (macOS)";
			};
			name = Debug;
		};
		841380FF284C380700A57BC4 /* Release */ = {
			isa = XCBuildConfiguration;
			buildSettings = {
				ALWAYS_EMBED_SWIFT_STANDARD_LIBRARIES = YES;
				CODE_SIGN_STYLE = Automatic;
				CURRENT_PROJECT_VERSION = 1;
				DEVELOPMENT_TEAM = N3S44ULQD4;
				GENERATE_INFOPLIST_FILE = YES;
				MACOSX_DEPLOYMENT_TARGET = 12.3;
				MARKETING_VERSION = 1.0;
				PRODUCT_BUNDLE_IDENTIFIER = "com.StephenKac.Tests-macOS";
				PRODUCT_NAME = "$(TARGET_NAME)";
				SDKROOT = macosx;
				SWIFT_EMIT_LOC_STRINGS = NO;
				SWIFT_VERSION = 5.0;
				TEST_TARGET_NAME = "EmberPlayer (macOS)";
			};
			name = Release;
		};
/* End XCBuildConfiguration section */

/* Begin XCConfigurationList section */
		841380BB284C380600A57BC4 /* Build configuration list for PBXProject "EmberPlayer" */ = {
			isa = XCConfigurationList;
			buildConfigurations = (
				841380F2284C380700A57BC4 /* Debug */,
				841380F3284C380700A57BC4 /* Release */,
			);
			defaultConfigurationIsVisible = 0;
			defaultConfigurationName = Release;
		};
		841380F4284C380700A57BC4 /* Build configuration list for PBXNativeTarget "EmberPlayer (iOS)" */ = {
			isa = XCConfigurationList;
			buildConfigurations = (
				841380F5284C380700A57BC4 /* Debug */,
				841380F6284C380700A57BC4 /* Release */,
			);
			defaultConfigurationIsVisible = 0;
			defaultConfigurationName = Release;
		};
		841380F7284C380700A57BC4 /* Build configuration list for PBXNativeTarget "EmberPlayer (macOS)" */ = {
			isa = XCConfigurationList;
			buildConfigurations = (
				841380F8284C380700A57BC4 /* Debug */,
				841380F9284C380700A57BC4 /* Release */,
			);
			defaultConfigurationIsVisible = 0;
			defaultConfigurationName = Release;
		};
		841380FA284C380700A57BC4 /* Build configuration list for PBXNativeTarget "Tests iOS" */ = {
			isa = XCConfigurationList;
			buildConfigurations = (
				841380FB284C380700A57BC4 /* Debug */,
				841380FC284C380700A57BC4 /* Release */,
			);
			defaultConfigurationIsVisible = 0;
			defaultConfigurationName = Release;
		};
		841380FD284C380700A57BC4 /* Build configuration list for PBXNativeTarget "Tests macOS" */ = {
			isa = XCConfigurationList;
			buildConfigurations = (
				841380FE284C380700A57BC4 /* Debug */,
				841380FF284C380700A57BC4 /* Release */,
			);
			defaultConfigurationIsVisible = 0;
			defaultConfigurationName = Release;
		};
/* End XCConfigurationList section */

/* Begin XCVersionGroup section */
		841380BD284C380600A57BC4 /* EmberPlayer.xcdatamodeld */ = {
			isa = XCVersionGroup;
			children = (
				841380BE284C380600A57BC4 /* Shared.xcdatamodel */,
			);
			currentVersion = 841380BE284C380600A57BC4 /* Shared.xcdatamodel */;
			path = EmberPlayer.xcdatamodeld;
			sourceTree = "<group>";
			versionGroupType = wrapper.xcdatamodel;
		};
/* End XCVersionGroup section */
	};
	rootObject = 841380B8284C380600A57BC4 /* Project object */;
}
